
Microsoft Visual Studio Solution File, Format Version 12.00
# Visual Studio Version 16
VisualStudioVersion = 25.0.1706.14
MinimumVisualStudioVersion = 10.0.40219.1
Project("{FAE04EC0-301F-11D3-BF4B-00C04F79EFBC}") = "Lists", "Lists\Lists.csproj", "{D5FCFA0D-AAAE-492C-9FEB-6CAB7B644120}"
EndProject
Global
	GlobalSection(SolutionConfigurationPlatforms) = preSolution
		Debug|Any CPU = Debug|Any CPU
		Release|Any CPU = Release|Any CPU
	EndGlobalSection
	GlobalSection(ProjectConfigurationPlatforms) = postSolution
		{D5FCFA0D-AAAE-492C-9FEB-6CAB7B644120}.Debug|Any CPU.ActiveCfg = Debug|Any CPU
		{D5FCFA0D-AAAE-492C-9FEB-6CAB7B644120}.Debug|Any CPU.Build.0 = Debug|Any CPU
		{D5FCFA0D-AAAE-492C-9FEB-6CAB7B644120}.Release|Any CPU.ActiveCfg = Release|Any CPU
		{D5FCFA0D-AAAE-492C-9FEB-6CAB7B644120}.Release|Any CPU.Build.0 = Release|Any CPU
	EndGlobalSection
	GlobalSection(SolutionProperties) = preSolution
		HideSolutionNode = FALSE
	EndGlobalSection
	GlobalSection(ExtensibilityGlobals) = postSolution
		SolutionGuid = {2F1FA751-D004-4981-9D63-EAF302C94338}
	EndGlobalSection
EndGlobal
