
Microsoft Visual Studio Solution File, Format Version 12.00
# Visual Studio Version 16
VisualStudioVersion = 25.0.1706.14
MinimumVisualStudioVersion = 10.0.40219.1
Project("{FAE04EC0-301F-11D3-BF4B-00C04F79EFBC}") = "DecimalVariable", "DecimalVariable\DecimalVariable.csproj", "{0CB9DA08-1D22-47CE-9B90-3A8412E48886}"
EndProject
Global
	GlobalSection(SolutionConfigurationPlatforms) = preSolution
		Debug|Any CPU = Debug|Any CPU
		Release|Any CPU = Release|Any CPU
	EndGlobalSection
	GlobalSection(ProjectConfigurationPlatforms) = postSolution
		{0CB9DA08-1D22-47CE-9B90-3A8412E48886}.Debug|Any CPU.ActiveCfg = Debug|Any CPU
		{0CB9DA08-1D22-47CE-9B90-3A8412E48886}.Debug|Any CPU.Build.0 = Debug|Any CPU
		{0CB9DA08-1D22-47CE-9B90-3A8412E48886}.Release|Any CPU.ActiveCfg = Release|Any CPU
		{0CB9DA08-1D22-47CE-9B90-3A8412E48886}.Release|Any CPU.Build.0 = Release|Any CPU
	EndGlobalSection
	GlobalSection(SolutionProperties) = preSolution
		HideSolutionNode = FALSE
	EndGlobalSection
	GlobalSection(ExtensibilityGlobals) = postSolution
		SolutionGuid = {320C5B1D-CACA-4A0B-A7FC-30BF769AB8C3}
	EndGlobalSection
EndGlobal
