
Microsoft Visual Studio Solution File, Format Version 12.00
# Visual Studio Version 16
VisualStudioVersion = 25.0.1706.14
MinimumVisualStudioVersion = 10.0.40219.1
Project("{FAE04EC0-301F-11D3-BF4B-00C04F79EFBC}") = "stringVariables", "stringVariables\stringVariables.csproj", "{5DEA6707-89E8-4F55-85CF-451094D8CE0B}"
EndProject
Global
	GlobalSection(SolutionConfigurationPlatforms) = preSolution
		Debug|Any CPU = Debug|Any CPU
		Release|Any CPU = Release|Any CPU
	EndGlobalSection
	GlobalSection(ProjectConfigurationPlatforms) = postSolution
		{5DEA6707-89E8-4F55-85CF-451094D8CE0B}.Debug|Any CPU.ActiveCfg = Debug|Any CPU
		{5DEA6707-89E8-4F55-85CF-451094D8CE0B}.Debug|Any CPU.Build.0 = Debug|Any CPU
		{5DEA6707-89E8-4F55-85CF-451094D8CE0B}.Release|Any CPU.ActiveCfg = Release|Any CPU
		{5DEA6707-89E8-4F55-85CF-451094D8CE0B}.Release|Any CPU.Build.0 = Release|Any CPU
	EndGlobalSection
	GlobalSection(SolutionProperties) = preSolution
		HideSolutionNode = FALSE
	EndGlobalSection
	GlobalSection(ExtensibilityGlobals) = postSolution
		SolutionGuid = {1DD8061D-A606-4C1D-829C-715604D56379}
	EndGlobalSection
EndGlobal
